
Microsoft Visual Studio Solution File, Format Version 12.00
# Visual Studio Version 16
VisualStudioVersion = 16.0.29215.179
MinimumVisualStudioVersion = 10.0.40219.1
Project("{9A19103F-16F7-4668-BE54-9A1E7A4F7556}") = "GeometryTest", "GeometryTest\GeometryTest.csproj", "{9073C0BE-BAEB-4F5E-AFC5-0DF61E0F05F3}"
EndProject
Project("{9A19103F-16F7-4668-BE54-9A1E7A4F7556}") = "Geometry", "Geometry\Geometry.csproj", "{AB47B405-33D6-4F4F-AC91-84FB014B2078}"
EndProject
Global
	GlobalSection(SolutionConfigurationPlatforms) = preSolution
		Debug|Any CPU = Debug|Any CPU
		Release|Any CPU = Release|Any CPU
	EndGlobalSection
	GlobalSection(ProjectConfigurationPlatforms) = postSolution
		{9073C0BE-BAEB-4F5E-AFC5-0DF61E0F05F3}.Debug|Any CPU.ActiveCfg = Debug|Any CPU
		{9073C0BE-BAEB-4F5E-AFC5-0DF61E0F05F3}.Debug|Any CPU.Build.0 = Debug|Any CPU
		{9073C0BE-BAEB-4F5E-AFC5-0DF61E0F05F3}.Release|Any CPU.ActiveCfg = Release|Any CPU
		{9073C0BE-BAEB-4F5E-AFC5-0DF61E0F05F3}.Release|Any CPU.Build.0 = Release|Any CPU
		{AB47B405-33D6-4F4F-AC91-84FB014B2078}.Debug|Any CPU.ActiveCfg = Debug|Any CPU
		{AB47B405-33D6-4F4F-AC91-84FB014B2078}.Debug|Any CPU.Build.0 = Debug|Any CPU
		{AB47B405-33D6-4F4F-AC91-84FB014B2078}.Release|Any CPU.ActiveCfg = Release|Any CPU
		{AB47B405-33D6-4F4F-AC91-84FB014B2078}.Release|Any CPU.Build.0 = Release|Any CPU
	EndGlobalSection
	GlobalSection(SolutionProperties) = preSolution
		HideSolutionNode = FALSE
	EndGlobalSection
	GlobalSection(ExtensibilityGlobals) = postSolution
		SolutionGuid = {4FCBEA5A-1847-4209-8B99-7979EC654065}
	EndGlobalSection
EndGlobal
